# Generated by move; do not edit
# This file should be checked in.

[move]
version = 3
manifest_digest = "5AFD4FCF6CFD7A4E5B4F76EE7322613EC559E54887E3841E29AC1629151CCCAE"
deps_digest = "3C4103934B1E040BB6B23F1D610B4EF9F2F1166A50A104EADCF77467C004C600"
dependencies = [
  { id = "Sui", name = "Sui" },
  { id = "flowx_clmm", name = "flowx_clmm" },
]

[[move.package]]
id = "MoveStdlib"
source = { git = "https://github.com/MystenLabs/sui.git", rev = "mainnet-v1.34.2", subdir = "crates/sui-framework/packages/move-stdlib" }

[[move.package]]
id = "Sui"
source = { git = "https://github.com/MystenLabs/sui.git", rev = "mainnet-v1.34.2", subdir = "crates/sui-framework/packages/sui-framework" }

dependencies = [
  { id = "MoveStdlib", name = "MoveStdlib" },
]

[pinned.testnet.MoveStdlib]
source = { git = "https://github.com/MystenLabs/sui.git", subdir = "crates/sui-framework/packages/move-stdlib", rev = "8532f4611bd1ae744fcec105600df0df210dbb30" }
use_environment = "testnet"
manifest_digest = "C4FE4C91DE74CBF223B2E380AE40F592177D21870DC2D7EB6227D2D694E05363"
deps = {}

[[move.package]]
id = "flowx_clmm"
source = { git = "https://github.com/dawnn07/clmm-contracts.git", rev = "main", subdir = "" }

dependencies = [
  { id = "Sui", name = "Sui" },
]

[move.toolchain-version]
compiler-version = "1.60.0"
edition = "2024.beta"
flavor = "sui"

[pinned.testnet.Sui]
source = { git = "https://github.com/MystenLabs/sui.git", subdir = "crates/sui-framework/packages/sui-framework", rev = "8532f4611bd1ae744fcec105600df0df210dbb30" }
use_environment = "testnet"
manifest_digest = "7AFB66695545775FBFBB2D3078ADFD084244D5002392E837FDE21D9EA1C6D01C"
deps = { MoveStdlib = "MoveStdlib" }

[pinned.testnet.flowx_clmm]
source = { git = "https://github.com/dawnn07/clmm-contracts.git", subdir = ".", rev = "4dac664f50733aea826ff7479abbbb6b032f5db9" }
use_environment = "testnet"
manifest_digest = "50E473B0F672EBE291E0F499B438B1BED79235AE0C812C71E0B3E7FB1FE7D2CC"
deps = { Sui = "Sui" }

[pinned.testnet.migrate_fun_sui]
source = { root = true }
use_environment = "testnet"
manifest_digest = "CB7113A9C6827278AE6AF63587FE4D7187330531F9DC32B26D5E5141998A28C0"
deps = { Sui = "Sui", flowx_clmm = "flowx_clmm" }
